version = 1
revision = 1
requires-python = ">=3.12"

[[package]]
name = "colorama"
version = "0.4.6"
source = { registry = "https://pypi.org/simple" }
sdist = { url = "https://files.pythonhosted.org/packages/d8/53/6f443c9a4a8358a93a6792e2acffb9d9d5cb0a5cfd8802644b7b1c9a02e4/colorama-0.4.6.tar.gz", hash = "sha256:08695f5cb7ed6e0531a20572697297273c47b8cae5a63ffc6d6ed5c201be6e44", size = 27697 }
wheels = [
    { url = "https://files.pythonhosted.org/packages/d1/d6/3965ed04c63042e047cb6a3e6ed1a63a35087b6a609aa3a15ed8ac56c221/colorama-0.4.6-py2.py3-none-any.whl", hash = "sha256:4f1d9991f5acc0ca119f9d443620b77f9d6b33703e51011c16baf57afb285fc6", size = 25335 },
]

[[package]]
name = "iniconfig"
version = "2.3.0"
source = { registry = "https://pypi.org/simple" }
sdist = { url = "https://files.pythonhosted.org/packages/72/34/14ca021ce8e5dfedc35312d08ba8bf51fdd999c576889fc2c24cb97f4f10/iniconfig-2.3.0.tar.gz", hash = "sha256:c76315c77db068650d49c5b56314774a7804df16fee4402c1f19d6d15d8c4730", size = 20503 }
wheels = [
    { url = "https://files.pythonhosted.org/packages/cb/b1/3846dd7f199d53cb17f49cba7e651e9ce294d8497c8c150530ed11865bb8/iniconfig-2.3.0-py3-none-any.whl", hash = "sha256:f631c04d2c48c52b84d0d0549c99ff3859c98df65b3101406327ecc7d53fbf12", size = 7484 },
]

[[package]]
name = "linkura-story-indexer"
version = "0.1.0"
source = { editable = "." }

[package.dev-dependencies]
dev = [
    { name = "prek" },
    { name = "pyrefly" },
    { name = "pytest" },
    { name = "ruff" },
]

[package.metadata]

[package.metadata.requires-dev]
dev = [
    { name = "prek", specifier = ">=0.3.10" },
    { name = "pyrefly", specifier = ">=0.62.0" },
    { name = "pytest", specifier = ">=9.0.3" },
    { name = "ruff", specifier = ">=0.15.11" },
]

[[package]]
name = "packaging"
version = "26.1"
source = { registry = "https://pypi.org/simple" }
sdist = { url = "https://files.pythonhosted.org/packages/df/de/0d2b39fb4af88a0258f3bac87dfcbb48e73fbdea4a2ed0e2213f9a4c2f9a/packaging-26.1.tar.gz", hash = "sha256:f042152b681c4bfac5cae2742a55e103d27ab2ec0f3d88037136b6bfe7c9c5de", size = 215519 }
wheels = [
    { url = "https://files.pythonhosted.org/packages/7a/c2/920ef838e2f0028c8262f16101ec09ebd5969864e5a64c4c05fad0617c56/packaging-26.1-py3-none-any.whl", hash = "sha256:5d9c0669c6285e491e0ced2eee587eaf67b670d94a19e94e3984a481aba6802f", size = 95831 },
]

[[package]]
name = "pluggy"
version = "1.6.0"
source = { registry = "https://pypi.org/simple" }
sdist = { url = "https://files.pythonhosted.org/packages/f9/e2/3e91f31a7d2b083fe6ef3fa267035b518369d9511ffab804f839851d2779/pluggy-1.6.0.tar.gz", hash = "sha256:7dcc130b76258d33b90f61b658791dede3486c3e6bfb003ee5c9bfb396dd22f3", size = 69412 }
wheels = [
    { url = "https://files.pythonhosted.org/packages/54/20/4d324d65cc6d9205fabedc306948156824eb9f0ee1633355a8f7ec5c66bf/pluggy-1.6.0-py3-none-any.whl", hash = "sha256:e920276dd6813095e9377c0bc5566d94c932c33b27a3e3945d8389c374dd4746", size = 20538 },
]

[[package]]
name = "prek"
version = "0.3.10"
source = { registry = "https://pypi.org/simple" }
sdist = { url = "https://files.pythonhosted.org/packages/a2/31/3e68cd8f45cb5f3f81009ff42d3a3cde0887b83f214a4eb0ded9ae239cc2/prek-0.3.10.tar.gz", hash = "sha256:f4e9c533612bbaa9f89eca0e80ab6e59a05b0fd15ca7c6642a35bb303731ad6f", size = 425926 }
wheels = [
    { url = "https://files.pythonhosted.org/packages/62/b7/306d57aaaf503be1ee58929f9e58e812fbde9bea52c1a578e4996d82425a/prek-0.3.10-py3-none-linux_armv6l.whl", hash = "sha256:7250661f003d902b7b601141d64c7015f93eeeeeb1c485f714374582714d7c51", size = 5416913 },
    { url = "https://files.pythonhosted.org/packages/93/ec/4b4b60d17c5eb639779a059d7f66a8fff5b38c7cb26c9c5b3a853cc6a9c8/prek-0.3.10-py3-none-macosx_10_12_x86_64.whl", hash = "sha256:9da699368bb11e85fc58b57ae4c1ccc703364b1d95b595bd17a27b27fa6df50d", size = 5784725 },
    { url = "https://files.pythonhosted.org/packages/f3/c3/6d4dcc9446a1630a888e3f105c4775536afe58c20f18833fec8e0d841ac0/prek-0.3.10-py3-none-macosx_11_0_arm64.whl", hash = "sha256:f245fa9935cee6ea7d5ba1c6e7dd7546ccf6f01fb7d604bb6a344c8e3b49a9c2", size = 5360071 },
    { url = "https://files.pythonhosted.org/packages/36/2d/d1f63ca15f4a275fcdc712fd9ef64787abb4ba86f2e79986a26108a5f1e7/prek-0.3.10-py3-none-manylinux_2_17_aarch64.manylinux2014_aarch64.musllinux_1_1_aarch64.whl", hash = "sha256:d321cad394ef4436ed9fce74150076a5eefabe310ed01b3f5735746284b9d046", size = 5615550 },
    { url = "https://files.pythonhosted.org/packages/7c/1b/a925050ba30791e50e7690a6dabe33dc08a0133e7efab4b9d91088261d40/prek-0.3.10-py3-none-manylinux_2_17_armv7l.manylinux2014_armv7l.whl", hash = "sha256:25e80017ecf06a11bf9c8ebcb67d38183e0abf2f18e012ee6a5f91d1b9c065d6", size = 5338159 },
    { url = "https://files.pythonhosted.org/packages/56/ec/7d563a333198ead10f9a13fcf72ca910a59135b5d58429ed3b1fff9a0ff9/prek-0.3.10-py3-none-manylinux_2_17_i686.manylinux2014_i686.whl", hash = "sha256:ba24b4c8e40cb9ae96d58efa3eb91813cdff4f10b78b79201c93a0dc6b8763e2", size = 5728600 },
    { url = "https://files.pythonhosted.org/packages/4c/88/10d493ef308f10321b92bb4e65ab60030b3c5c6304790c678be249e383e3/prek-0.3.10-py3-none-manylinux_2_17_s390x.manylinux2014_s390x.whl", hash = "sha256:aac1c6f8dabb0a202a27516bf78cbfbe8a05b7cfebe2078ff6d0e12e7c77c7d5", size = 6610055 },
    { url = "https://files.pythonhosted.org/packages/c4/14/552b239d99fdd09fd6664b69089359340778f84a9f866a1fecc38b66c811/prek-0.3.10-py3-none-manylinux_2_17_x86_64.manylinux2014_x86_64.whl", hash = "sha256:5a9a446e178562e2c3cfc71c8f0b21043b571209533a104042b6b9e36662849e", size = 6007394 },
    { url = "https://files.pythonhosted.org/packages/21/80/12b9de6b6721a27f57ed633a8864435ec2fa7535cba7f48f3ea4a52ce683/prek-0.3.10-py3-none-manylinux_2_28_aarch64.whl", hash = "sha256:d7344b2acb88b52592c0e0f3dd33349f75e6a4813d3bb44385aa8c70084990ca", size = 5616625 },
    { url = "https://files.pythonhosted.org/packages/69/02/7235f6b6d65a3e6e036b211a240432bc4f51adfdbbdcc03b5ce60a238a84/prek-0.3.10-py3-none-manylinux_2_31_riscv64.whl", hash = "sha256:f2fe5ca3fe797a647243c10c0a9f9c2c27c1d4a0cdcb7f836a0cb8c5c2c603d8", size = 5431581 },
    { url = "https://files.pythonhosted.org/packages/7d/0c/0dd0013c6a9c6b23d070a57fe5c015c40c7b3e84217e4fb1ca9e465768c6/prek-0.3.10-py3-none-musllinux_1_1_armv7l.whl", hash = "sha256:6d39031e4acf7670b905d77ea807e2ce1b6309604d54740f3152d601b71ae5e0", size = 5318252 },
    { url = "https://files.pythonhosted.org/packages/74/d7/5407ca904a7f2ffe63b1333e503d2f21ec23eda93e93fb45a491d78e0d76/prek-0.3.10-py3-none-musllinux_1_1_i686.whl", hash = "sha256:27865f3134dd566ffd76388a9f0de6ee931336794e32741b8e22c90a61f3fc39", size = 5589312 },
    { url = "https://files.pythonhosted.org/packages/e0/05/460b0c498db65e9a2e590b6918aad3395291d8d9f2c080fce7201d12a5de/prek-0.3.10-py3-none-musllinux_1_1_x86_64.whl", hash = "sha256:3e6b65338a06add2bc47a86f837607b4705855ade9457f2f50676a7a5a509cd9", size = 6122323 },
    { url = "https://files.pythonhosted.org/packages/ca/63/fd715bcd9ed5debd60dc589d6117ab9eaf0ef0b106e0bb976e1bcaa96e29/prek-0.3.10-py3-none-win32.whl", hash = "sha256:e2529515ce81292c938181702dbfc75516efa5bb1d4dc1295e6f8b2655eec881", size = 5115503 },
    { url = "https://files.pythonhosted.org/packages/6a/0d/a34f57ca3efa228fa75a976fcf698d5705b5b9a750c8dd1b86857b24f3b0/prek-0.3.10-py3-none-win_amd64.whl", hash = "sha256:0846228fa277a8bdf5a3eeea90eb3ac8eff2bf71900919373f12d142e19c8f8c", size = 5496962 },
    { url = "https://files.pythonhosted.org/packages/ea/de/8b9f20f712c21756e52feed95fdacd52f48811a7bc6e3816cd04725b1240/prek-0.3.10-py3-none-win_arm64.whl", hash = "sha256:dedcdb4e5a52ee3e0463c061cabdcb94a7443875053cebfadb8228b3bf917035", size = 5340403 },
]

[[package]]
name = "pygments"
version = "2.20.0"
source = { registry = "https://pypi.org/simple" }
sdist = { url = "https://files.pythonhosted.org/packages/c3/b2/bc9c9196916376152d655522fdcebac55e66de6603a76a02bca1b6414f6c/pygments-2.20.0.tar.gz", hash = "sha256:6757cd03768053ff99f3039c1a36d6c0aa0b263438fcab17520b30a303a82b5f", size = 4955991 }
wheels = [
    { url = "https://files.pythonhosted.org/packages/f4/7e/a72dd26f3b0f4f2bf1dd8923c85f7ceb43172af56d63c7383eb62b332364/pygments-2.20.0-py3-none-any.whl", hash = "sha256:81a9e26dd42fd28a23a2d169d86d7ac03b46e2f8b59ed4698fb4785f946d0176", size = 1231151 },
]

[[package]]
name = "pyrefly"
version = "0.62.0"
source = { registry = "https://pypi.org/simple" }
sdist = { url = "https://files.pythonhosted.org/packages/bb/ad/8874ed25781e7dd561c6d75fb4a7becf10a18d75b074f25b845cc334f781/pyrefly-0.62.0.tar.gz", hash = "sha256:da1fbe1075dc1e6c8e3134e9370b0a0e7a296061d782cca5bf83dbb8e4c10d7c", size = 5537672 }
wheels = [
    { url = "https://files.pythonhosted.org/packages/1b/ea/09bd9da7d5df294db800312fb415be2fefbaa5594178e9e49f44fa071aea/pyrefly-0.62.0-py3-none-macosx_10_12_x86_64.whl", hash = "sha256:9d78ec4f126dee1fa76215b193b964490ce10e62a32d2787a72c51623658b803", size = 13020414 },
    { url = "https://files.pythonhosted.org/packages/4b/f0/f84afac4f220c4c8c801b779ee2ff28ad3f7731f4283c2e1b6ee9012e8c2/pyrefly-0.62.0-py3-none-macosx_11_0_arm64.whl", hash = "sha256:2a41a34902d20756264486f9e309f22633d100261bd960feea6e858a098d985d", size = 12515659 },
    { url = "https://files.pythonhosted.org/packages/40/0b/620c39cefa9ae1b25ee7a2da9d8d3c278b095649cb8435c5e01ea64f7c17/pyrefly-0.62.0-py3-none-manylinux_2_17_aarch64.manylinux2014_aarch64.whl", hash = "sha256:4666c6b65aea662e5f77b64dc91c091b7ea5cede6aa66c0f4cbae26480403583", size = 36228332 },
    { url = "https://files.pythonhosted.org/packages/2d/fb/47b8b76438c12761e509a3666cd5a99d4af7f21976ba8385feb475cbfe30/pyrefly-0.62.0-py3-none-manylinux_2_17_i686.manylinux2014_i686.whl", hash = "sha256:1aefab798f47d37c13ded791192fee9b39a6d2b12e31f38ae06a1f80c4b26e22", size = 38995741 },
    { url = "https://files.pythonhosted.org/packages/55/d2/03bd17673f61147cd5609cd7d6a1455eeccc17a07a7e141ed9931b0c42c0/pyrefly-0.62.0-py3-none-manylinux_2_17_ppc64le.manylinux2014_ppc64le.whl", hash = "sha256:8fa986b50d56740da1d7ae7c660a505143cb9d286fa98cc7e5f4a759cc6eaa5d", size = 37205321 },
    { url = "https://files.pythonhosted.org/packages/75/14/20ba7b7f2d182f9b7c1e24a3041dac9b5730ae28cfe1614a2c98706650f2/pyrefly-0.62.0-py3-none-manylinux_2_17_x86_64.manylinux2014_x86_64.whl", hash = "sha256:32e9b175805c82ffb967e4708f4910bace7e1a12736907380cc9afdbaabb0efb", size = 41786834 },
    { url = "https://files.pythonhosted.org/packages/fa/c8/5a7ba88c4fa1b5090d877f70fa1b742b921b9e7d8d3f4b6b9b1ba1820850/pyrefly-0.62.0-py3-none-win32.whl", hash = "sha256:1cd98edc20cab5bac8016c9220ee66080e39bd22e7f0e9bb3e2c4e2be1555eed", size = 12010170 },
    { url = "https://files.pythonhosted.org/packages/2e/78/d8f810de010ff2ed594c630c724fd817ef430963249e9eb396ce8f785e9d/pyrefly-0.62.0-py3-none-win_amd64.whl", hash = "sha256:6994f8ee7d6720325ee52207fbdaca98a799a1efe462bb5ba90c47160f7f3e6e", size = 12861816 },
    { url = "https://files.pythonhosted.org/packages/c7/a9/ac824ef6a3f50b7c0ec5974471f8f2cb205cd1edd53a5abbcf7ba37feb5d/pyrefly-0.62.0-py3-none-win_arm64.whl", hash = "sha256:362a5d47a5ac5aaa5258091e878a1759ff8b687d8cf462af1c516144f7b0108a", size = 12352977 },
]

[[package]]
name = "pytest"
version = "9.0.3"
source = { registry = "https://pypi.org/simple" }
dependencies = [
    { name = "colorama", marker = "sys_platform == 'win32'" },
    { name = "iniconfig" },
    { name = "packaging" },
    { name = "pluggy" },
    { name = "pygments" },
]
sdist = { url = "https://files.pythonhosted.org/packages/7d/0d/549bd94f1a0a402dc8cf64563a117c0f3765662e2e668477624baeec44d5/pytest-9.0.3.tar.gz", hash = "sha256:b86ada508af81d19edeb213c681b1d48246c1a91d304c6c81a427674c17eb91c", size = 1572165 }
wheels = [
    { url = "https://files.pythonhosted.org/packages/d4/24/a372aaf5c9b7208e7112038812994107bc65a84cd00e0354a88c2c77a617/pytest-9.0.3-py3-none-any.whl", hash = "sha256:2c5efc453d45394fdd706ade797c0a81091eccd1d6e4bccfcd476e2b8e0ab5d9", size = 375249 },
]

[[package]]
name = "ruff"
version = "0.15.11"
source = { registry = "https://pypi.org/simple" }
sdist = { url = "https://files.pythonhosted.org/packages/e4/8d/192f3d7103816158dfd5ea50d098ef2aec19194e6cbccd4b3485bdb2eb2d/ruff-0.15.11.tar.gz", hash = "sha256:f092b21708bf0e7437ce9ada249dfe688ff9a0954fc94abab05dcea7dcd29c33", size = 4637264 }
wheels = [
    { url = "https://files.pythonhosted.org/packages/02/1e/6aca3427f751295ab011828e15e9bf452200ac74484f1db4be0197b8170b/ruff-0.15.11-py3-none-linux_armv6l.whl", hash = "sha256:e927cfff503135c558eb581a0c9792264aae9507904eb27809cdcff2f2c847b7", size = 10607943 },
    { url = "https://files.pythonhosted.org/packages/e7/26/1341c262e74f36d4e84f3d6f4df0ac68cd53331a66bfc5080daa17c84c0b/ruff-0.15.11-py3-none-macosx_10_12_x86_64.whl", hash = "sha256:7a1b5b2938d8f890b76084d4fa843604d787a912541eae85fd7e233398bbb73e", size = 10988592 },
    { url = "https://files.pythonhosted.org/packages/03/71/850b1d6ffa9564fbb6740429bad53df1094082fe515c8c1e74b6d8d05f18/ruff-0.15.11-py3-none-macosx_11_0_arm64.whl", hash = "sha256:d4176f3d194afbdaee6e41b9ccb1a2c287dba8700047df474abfbe773825d1cb", size = 10338501 },
    { url = "https://files.pythonhosted.org/packages/f2/11/cc1284d3e298c45a817a6aadb6c3e1d70b45c9b36d8d9cce3387b495a03a/ruff-0.15.11-py3-none-manylinux_2_17_aarch64.manylinux2014_aarch64.whl", hash = "sha256:3b17c886fb88203ced3afe7f14e8d5ae96e9d2f4ccc0ee66aa19f2c2675a27e4", size = 10670693 },
    { url = "https://files.pythonhosted.org/packages/ce/9e/f8288b034ab72b371513c13f9a41d9ba3effac54e24bfb467b007daee2ca/ruff-0.15.11-py3-none-manylinux_2_17_armv7l.manylinux2014_armv7l.whl", hash = "sha256:49fafa220220afe7758a487b048de4c8f9f767f37dfefad46b9dd06759d003eb", size = 10416177 },
    { url = "https://files.pythonhosted.org/packages/85/71/504d79abfd3d92532ba6bbe3d1c19fada03e494332a59e37c7c2dabae427/ruff-0.15.11-py3-none-manylinux_2_17_i686.manylinux2014_i686.whl", hash = "sha256:f2ab8427e74a00d93b8bda1307b1e60970d40f304af38bccb218e056c220120d", size = 11221886 },
    { url = "https://files.pythonhosted.org/packages/43/5a/947e6ab7a5ad603d65b474be15a4cbc6d29832db5d762cd142e4e3a74164/ruff-0.15.11-py3-none-manylinux_2_17_ppc64le.manylinux2014_ppc64le.whl", hash = "sha256:195072c0c8e1fc8f940652073df082e37a5d9cb43b4ab1e4d0566ab8977a13b7", size = 12075183 },
    { url = "https://files.pythonhosted.org/packages/9f/a1/0b7bb6268775fdd3a0818aee8efd8f5b4e231d24dd4d528ced2534023182/ruff-0.15.11-py3-none-manylinux_2_17_s390x.manylinux2014_s390x.whl", hash = "sha256:a3a0996d486af3920dec930a2e7daed4847dfc12649b537a9335585ada163e9e", size = 11516575 },
    { url = "https://files.pythonhosted.org/packages/30/c3/bb5168fc4d233cc06e95f482770d0f3c87945a0cd9f614b90ea8dc2f2833/ruff-0.15.11-py3-none-manylinux_2_17_x86_64.manylinux2014_x86_64.whl", hash = "sha256:1bef2cb556d509259f1fe440bb9cd33c756222cf0a7afe90d15edf0866702431", size = 11306537 },
    { url = "https://files.pythonhosted.org/packages/e4/92/4cfae6441f3967317946f3b788136eecf093729b94d6561f963ed810c82e/ruff-0.15.11-py3-none-manylinux_2_31_riscv64.whl", hash = "sha256:030d921a836d7d4a12cf6e8d984a88b66094ccb0e0f17ddd55067c331191bf19", size = 11296813 },
    { url = "https://files.pythonhosted.org/packages/43/26/972784c5dde8313acde8ac71ba8ac65475b85db4a2352a76c9934361f9bc/ruff-0.15.11-py3-none-musllinux_1_2_aarch64.whl", hash = "sha256:0e783b599b4577788dbbb66b9addcef87e9a8832f4ce0c19e34bf55543a2f890", size = 10633136 },
    { url = "https://files.pythonhosted.org/packages/5b/53/3985a4f185020c2f367f2e08a103032e12564829742a1b417980ce1514a0/ruff-0.15.11-py3-none-musllinux_1_2_armv7l.whl", hash = "sha256:ae90592246625ba4a34349d68ec28d4400d75182b71baa196ddb9f82db025ef5", size = 10424701 },
    { url = "https://files.pythonhosted.org/packages/d3/57/bf0dfb32241b56c83bb663a826133da4bf17f682ba8c096973065f6e6a68/ruff-0.15.11-py3-none-musllinux_1_2_i686.whl", hash = "sha256:1f111d62e3c983ed20e0ca2e800f8d77433a5b1161947df99a5c2a3fb60514f0", size = 10873887 },
    { url = "https://files.pythonhosted.org/packages/02/05/e48076b2a57dc33ee8c7a957296f97c744ca891a8ffb4ffb1aaa3b3f517d/ruff-0.15.11-py3-none-musllinux_1_2_x86_64.whl", hash = "sha256:06f483d6646f59eaffba9ae30956370d3a886625f511a3108994000480621d1c", size = 11404316 },
    { url = "https://files.pythonhosted.org/packages/88/27/0195d15fe7a897cbcba0904792c4b7c9fdd958456c3a17d2ea6093716a9a/ruff-0.15.11-py3-none-win32.whl", hash = "sha256:476a2aa56b7da0b73a3ee80b6b2f0e19cce544245479adde7baa65466664d5f3", size = 10655535 },
    { url = "https://files.pythonhosted.org/packages/3a/5e/c927b325bd4c1d3620211a4b96f47864633199feed60fa936025ab27e090/ruff-0.15.11-py3-none-win_amd64.whl", hash = "sha256:8b6756d88d7e234fb0c98c91511aae3cd519d5e3ed271cae31b20f39cb2a12a3", size = 11779692 },
    { url = "https://files.pythonhosted.org/packages/63/b6/aeadee5443e49baa2facd51131159fd6301cc4ccfc1541e4df7b021c37dd/ruff-0.15.11-py3-none-win_arm64.whl", hash = "sha256:063fed18cc1bbe0ee7393957284a6fe8b588c6a406a285af3ee3f46da2391ee4", size = 11032614 },
]
